// !$*UTF8*$!
{
	archiveVersion = 1;
	classes = {
	};
	objectVersion = 46;
	objects = {

/* Begin PBXBuildFile section */
		1631DA0B1C391F730091A6F2 /* main.m in Sources */ = {isa = PBXBuildFile; fileRef = 1631DA0A1C391F730091A6F2 /* main.m */; };
		1631DA0E1C391F730091A6F2 /* AppDelegate.m in Sources */ = {isa = PBXBuildFile; fileRef = 1631DA0D1C391F730091A6F2 /* AppDelegate.m */; };
		1631DA111C391F730091A6F2 /* ViewController.m in Sources */ = {isa = PBXBuildFile; fileRef = 1631DA101C391F730091A6F2 /* ViewController.m */; };
		1631DA141C391F730091A6F2 /* Main.storyboard in Resources */ = {isa = PBXBuildFile; fileRef = 1631DA121C391F730091A6F2 /* Main.storyboard */; };
		1631DA161C391F730091A6F2 /* Assets.xcassets in Resources */ = {isa = PBXBuildFile; fileRef = 1631DA151C391F730091A6F2 /* Assets.xcassets */; };
		1631DA191C391F730091A6F2 /* LaunchScreen.storyboard in Resources */ = {isa = PBXBuildFile; fileRef = 1631DA171C391F730091A6F2 /* LaunchScreen.storyboard */; };
		1631DA241C391F730091A6F2 /* ZSJ_ShareSDKTests.m in Sources */ = {isa = PBXBuildFile; fileRef = 1631DA231C391F730091A6F2 /* ZSJ_ShareSDKTests.m */; };
		1631DA2F1C391F730091A6F2 /* ZSJ_ShareSDKUITests.m in Sources */ = {isa = PBXBuildFile; fileRef = 1631DA2E1C391F730091A6F2 /* ZSJ_ShareSDKUITests.m */; };
/* End PBXBuildFile section */

/* Begin PBXContainerItemProxy section */
		1631DA201C391F730091A6F2 /* PBXContainerItemProxy */ = {
			isa = PBXContainerItemProxy;
			containerPortal = 1631D9FE1C391F730091A6F2 /* Project object */;
			proxyType = 1;
			remoteGlobalIDString = 1631DA051C391F730091A6F2;
			remoteInfo = ZSJ_ShareSDK;
		};
		1631DA2B1C391F730091A6F2 /* PBXContainerItemProxy */ = {
			isa = PBXContainerItemProxy;
			containerPortal = 1631D9FE1C391F730091A6F2 /* Project object */;
			proxyType = 1;
			remoteGlobalIDString = 1631DA051C391F730091A6F2;
			remoteInfo = ZSJ_ShareSDK;
		};
/* End PBXContainerItemProxy section */

/* Begin PBXFileReference section */
		1631DA061C391F730091A6F2 /* ZSJ_ShareSDK.app */ = {isa = PBXFileReference; explicitFileType = wrapper.application; includeInIndex = 0; path = ZSJ_ShareSDK.app; sourceTree = BUILT_PRODUCTS_DIR; };
		1631DA0A1C391F730091A6F2 /* main.m */ = {isa = PBXFileReference; lastKnownFileType = sourcecode.c.objc; path = main.m; sourceTree = "<group>"; };
		1631DA0C1C391F730091A6F2 /* AppDelegate.h */ = {isa = PBXFileReference; lastKnownFileType = sourcecode.c.h; path = AppDelegate.h; sourceTree = "<group>"; };
		1631DA0D1C391F730091A6F2 /* AppDelegate.m */ = {isa = PBXFileReference; lastKnownFileType = sourcecode.c.objc; path = AppDelegate.m; sourceTree = "<group>"; };
		1631DA0F1C391F730091A6F2 /* ViewController.h */ = {isa = PBXFileReference; lastKnownFileType = sourcecode.c.h; path = ViewController.h; sourceTree = "<group>"; };
		1631DA101C391F730091A6F2 /* ViewController.m */ = {isa = PBXFileReference; lastKnownFileType = sourcecode.c.objc; path = ViewController.m; sourceTree = "<group>"; };
		1631DA131C391F730091A6F2 /* Base */ = {isa = PBXFileReference; lastKnownFileType = file.storyboard; name = Base; path = Base.lproj/Main.storyboard; sourceTree = "<group>"; };
		1631DA151C391F730091A6F2 /* Assets.xcassets */ = {isa = PBXFileReference; lastKnownFileType = folder.assetcatalog; path = Assets.xcassets; sourceTree = "<group>"; };
		1631DA181C391F730091A6F2 /* Base */ = {isa = PBXFileReference; lastKnownFileType = file.storyboard; name = Base; path = Base.lproj/LaunchScreen.storyboard; sourceTree = "<group>"; };
		1631DA1A1C391F730091A6F2 /* Info.plist */ = {isa = PBXFileReference; lastKnownFileType = text.plist.xml; path = Info.plist; sourceTree = "<group>"; };
		1631DA1F1C391F730091A6F2 /* ZSJ_ShareSDKTests.xctest */ = {isa = PBXFileReference; explicitFileType = wrapper.cfbundle; includeInIndex = 0; path = ZSJ_ShareSDKTests.xctest; sourceTree = BUILT_PRODUCTS_DIR; };
		1631DA231C391F730091A6F2 /* ZSJ_ShareSDKTests.m */ = {isa = PBXFileReference; lastKnownFileType = sourcecode.c.objc; path = ZSJ_ShareSDKTests.m; sourceTree = "<group>"; };
		1631DA251C391F730091A6F2 /* Info.plist */ = {isa = PBXFileReference; lastKnownFileType = text.plist.xml; path = Info.plist; sourceTree = "<group>"; };
		1631DA2A1C391F730091A6F2 /* ZSJ_ShareSDKUITests.xctest */ = {isa = PBXFileReference; explicitFileType = wrapper.cfbundle; includeInIndex = 0; path = ZSJ_ShareSDKUITests.xctest; sourceTree = BUILT_PRODUCTS_DIR; };
		1631DA2E1C391F730091A6F2 /* ZSJ_ShareSDKUITests.m */ = {isa = PBXFileReference; lastKnownFileType = sourcecode.c.objc; path = ZSJ_ShareSDKUITests.m; sourceTree = "<group>"; };
		1631DA301C391F730091A6F2 /* Info.plist */ = {isa = PBXFileReference; lastKnownFileType = text.plist.xml; path = Info.plist; sourceTree = "<group>"; };
/* End PBXFileReference section */

/* Begin PBXFrameworksBuildPhase section */
		1631DA031C391F730091A6F2 /* Frameworks */ = {
			isa = PBXFrameworksBuildPhase;
			buildActionMask = 2147483647;
			files = (
			);
			runOnlyForDeploymentPostprocessing = 0;
		};
		1631DA1C1C391F730091A6F2 /* Frameworks */ = {
			isa = PBXFrameworksBuildPhase;
			buildActionMask = 2147483647;
			files = (
			);
			runOnlyForDeploymentPostprocessing = 0;
		};
		1631DA271C391F730091A6F2 /* Frameworks */ = {
			isa = PBXFrameworksBuildPhase;
			buildActionMask = 2147483647;
			files = (
			);
			runOnlyForDeploymentPostprocessing = 0;
		};
/* End PBXFrameworksBuildPhase section */

/* Begin PBXGroup section */
		1631D9FD1C391F730091A6F2 = {
			isa = PBXGroup;
			children = (
				1631DA081C391F730091A6F2 /* ZSJ_ShareSDK */,
				1631DA221C391F730091A6F2 /* ZSJ_ShareSDKTests */,
				1631DA2D1C391F730091A6F2 /* ZSJ_ShareSDKUITests */,
				1631DA071C391F730091A6F2 /* Products */,
			);
			sourceTree = "<group>";
		};
		1631DA071C391F730091A6F2 /* Products */ = {
			isa = PBXGroup;
			children = (
				1631DA061C391F730091A6F2 /* ZSJ_ShareSDK.app */,
				1631DA1F1C391F730091A6F2 /* ZSJ_ShareSDKTests.xctest */,
				1631DA2A1C391F730091A6F2 /* ZSJ_ShareSDKUITests.xctest */,
			);
			name = Products;
			sourceTree = "<group>";
		};
		1631DA081C391F730091A6F2 /* ZSJ_ShareSDK */ = {
			isa = PBXGroup;
			children = (
				1631DA0C1C391F730091A6F2 /* AppDelegate.h */,
				1631DA0D1C391F730091A6F2 /* AppDelegate.m */,
				1631DA0F1C391F730091A6F2 /* ViewController.h */,
				1631DA101C391F730091A6F2 /* ViewController.m */,
				1631DA121C391F730091A6F2 /* Main.storyboard */,
				1631DA151C391F730091A6F2 /* Assets.xcassets */,
				1631DA171C391F730091A6F2 /* LaunchScreen.storyboard */,
				1631DA1A1C391F730091A6F2 /* Info.plist */,
				1631DA091C391F730091A6F2 /* Supporting Files */,
			);
			path = ZSJ_ShareSDK;
			sourceTree = "<group>";
		};
		1631DA091C391F730091A6F2 /* Supporting Files */ = {
			isa = PBXGroup;
			children = (
				1631DA0A1C391F730091A6F2 /* main.m */,
			);
			name = "Supporting Files";
			sourceTree = "<group>";
		};
		1631DA221C391F730091A6F2 /* ZSJ_ShareSDKTests */ = {
			isa = PBXGroup;
			children = (
				1631DA231C391F730091A6F2 /* ZSJ_ShareSDKTests.m */,
				1631DA251C391F730091A6F2 /* Info.plist */,
			);
			path = ZSJ_ShareSDKTests;
			sourceTree = "<group>";
		};
		1631DA2D1C391F730091A6F2 /* ZSJ_ShareSDKUITests */ = {
			isa = PBXGroup;
			children = (
				1631DA2E1C391F730091A6F2 /* ZSJ_ShareSDKUITests.m */,
				1631DA301C391F730091A6F2 /* Info.plist */,
			);
			path = ZSJ_ShareSDKUITests;
			sourceTree = "<group>";
		};
/* End PBXGroup section */

/* Begin PBXNativeTarget section */
		1631DA051C391F730091A6F2 /* ZSJ_ShareSDK */ = {
			isa = PBXNativeTarget;
			buildConfigurationList = 1631DA331C391F730091A6F2 /* Build configuration list for PBXNativeTarget "ZSJ_ShareSDK" */;
			buildPhases = (
				1631DA021C391F730091A6F2 /* Sources */,
				1631DA031C391F730091A6F2 /* Frameworks */,
				1631DA041C391F730091A6F2 /* Resources */,
			);
			buildRules = (
			);
			dependencies = (
			);
			name = ZSJ_ShareSDK;
			productName = ZSJ_ShareSDK;
			productReference = 1631DA061C391F730091A6F2 /* ZSJ_ShareSDK.app */;
			productType = "com.apple.product-type.application";
		};
		1631DA1E1C391F730091A6F2 /* ZSJ_ShareSDKTests */ = {
			isa = PBXNativeTarget;
			buildConfigurationList = 1631DA361C391F730091A6F2 /* Build configuration list for PBXNativeTarget "ZSJ_ShareSDKTests" */;
			buildPhases = (
				1631DA1B1C391F730091A6F2 /* Sources */,
				1631DA1C1C391F730091A6F2 /* Frameworks */,
				1631DA1D1C391F730091A6F2 /* Resources */,
			);
			buildRules = (
			);
			dependencies = (
				1631DA211C391F730091A6F2 /* PBXTargetDependency */,
			);
			name = ZSJ_ShareSDKTests;
			productName = ZSJ_ShareSDKTests;
			productReference = 1631DA1F1C391F730091A6F2 /* ZSJ_ShareSDKTests.xctest */;
			productType = "com.apple.product-type.bundle.unit-test";
		};
		1631DA291C391F730091A6F2 /* ZSJ_ShareSDKUITests */ = {
			isa = PBXNativeTarget;
			buildConfigurationList = 1631DA391C391F730091A6F2 /* Build configuration list for PBXNativeTarget "ZSJ_ShareSDKUITests" */;
			buildPhases = (
				1631DA261C391F730091A6F2 /* Sources */,
				1631DA271C391F730091A6F2 /* Frameworks */,
				1631DA281C391F730091A6F2 /* Resources */,
			);
			buildRules = (
			);
			dependencies = (
				1631DA2C1C391F730091A6F2 /* PBXTargetDependency */,
			);
			name = ZSJ_ShareSDKUITests;
			productName = ZSJ_ShareSDKUITests;
			productReference = 1631DA2A1C391F730091A6F2 /* ZSJ_ShareSDKUITests.xctest */;
			productType = "com.apple.product-type.bundle.ui-testing";
		};
/* End PBXNativeTarget section */

/* Begin PBXProject section */
		1631D9FE1C391F730091A6F2 /* Project object */ = {
			isa = PBXProject;
			attributes = {
				LastUpgradeCheck = 0720;
				ORGANIZATIONNAME = "周双建";
				TargetAttributes = {
					1631DA051C391F730091A6F2 = {
						CreatedOnToolsVersion = 7.2;
						DevelopmentTeam = YY9THQMRZF;
					};
					1631DA1E1C391F730091A6F2 = {
						CreatedOnToolsVersion = 7.2;
						DevelopmentTeam = YY9THQMRZF;
						TestTargetID = 1631DA051C391F730091A6F2;
					};
					1631DA291C391F730091A6F2 = {
						CreatedOnToolsVersion = 7.2;
						DevelopmentTeam = YY9THQMRZF;
						TestTargetID = 1631DA051C391F730091A6F2;
					};
				};
			};
			buildConfigurationList = 1631DA011C391F730091A6F2 /* Build configuration list for PBXProject "ZSJ_ShareSDK" */;
			compatibilityVersion = "Xcode 3.2";
			developmentRegion = English;
			hasScannedForEncodings = 0;
			knownRegions = (
				en,
				Base,
			);
			mainGroup = 1631D9FD1C391F730091A6F2;
			productRefGroup = 1631DA071C391F730091A6F2 /* Products */;
			projectDirPath = "";
			projectRoot = "";
			targets = (
				1631DA051C391F730091A6F2 /* ZSJ_ShareSDK */,
				1631DA1E1C391F730091A6F2 /* ZSJ_ShareSDKTests */,
				1631DA291C391F730091A6F2 /* ZSJ_ShareSDKUITests */,
			);
		};
/* End PBXProject section */

/* Begin PBXResourcesBuildPhase section */
		1631DA041C391F730091A6F2 /* Resources */ = {
			isa = PBXResourcesBuildPhase;
			buildActionMask = 2147483647;
			files = (
				1631DA191C391F730091A6F2 /* LaunchScreen.storyboard in Resources */,
				1631DA161C391F730091A6F2 /* Assets.xcassets in Resources */,
				1631DA141C391F730091A6F2 /* Main.storyboard in Resources */,
			);
			runOnlyForDeploymentPostprocessing = 0;
		};
		1631DA1D1C391F730091A6F2 /* Resources */ = {
			isa = PBXResourcesBuildPhase;
			buildActionMask = 2147483647;
			files = (
			);
			runOnlyForDeploymentPostprocessing = 0;
		};
		1631DA281C391F730091A6F2 /* Resources */ = {
			isa = PBXResourcesBuildPhase;
			buildActionMask = 2147483647;
			files = (
			);
			runOnlyForDeploymentPostprocessing = 0;
		};
/* End PBXResourcesBuildPhase section */

/* Begin PBXSourcesBuildPhase section */
		1631DA021C391F730091A6F2 /* Sources */ = {
			isa = PBXSourcesBuildPhase;
			buildActionMask = 2147483647;
			files = (
				1631DA111C391F730091A6F2 /* ViewController.m in Sources */,
				1631DA0E1C391F730091A6F2 /* AppDelegate.m in Sources */,
				1631DA0B1C391F730091A6F2 /* main.m in Sources */,
			);
			runOnlyForDeploymentPostprocessing = 0;
		};
		1631DA1B1C391F730091A6F2 /* Sources */ = {
			isa = PBXSourcesBuildPhase;
			buildActionMask = 2147483647;
			files = (
				1631DA241C391F730091A6F2 /* ZSJ_ShareSDKTests.m in Sources */,
			);
			runOnlyForDeploymentPostprocessing = 0;
		};
		1631DA261C391F730091A6F2 /* Sources */ = {
			isa = PBXSourcesBuildPhase;
			buildActionMask = 2147483647;
			files = (
				1631DA2F1C391F730091A6F2 /* ZSJ_ShareSDKUITests.m in Sources */,
			);
			runOnlyForDeploymentPostprocessing = 0;
		};
/* End PBXSourcesBuildPhase section */

/* Begin PBXTargetDependency section */
		1631DA211C391F730091A6F2 /* PBXTargetDependency */ = {
			isa = PBXTargetDependency;
			target = 1631DA051C391F730091A6F2 /* ZSJ_ShareSDK */;
			targetProxy = 1631DA201C391F730091A6F2 /* PBXContainerItemProxy */;
		};
		1631DA2C1C391F730091A6F2 /* PBXTargetDependency */ = {
			isa = PBXTargetDependency;
			target = 1631DA051C391F730091A6F2 /* ZSJ_ShareSDK */;
			targetProxy = 1631DA2B1C391F730091A6F2 /* PBXContainerItemProxy */;
		};
/* End PBXTargetDependency section */

/* Begin PBXVariantGroup section */
		1631DA121C391F730091A6F2 /* Main.storyboard */ = {
			isa = PBXVariantGroup;
			children = (
				1631DA131C391F730091A6F2 /* Base */,
			);
			name = Main.storyboard;
			sourceTree = "<group>";
		};
		1631DA171C391F730091A6F2 /* LaunchScreen.storyboard */ = {
			isa = PBXVariantGroup;
			children = (
				1631DA181C391F730091A6F2 /* Base */,
			);
			name = LaunchScreen.storyboard;
			sourceTree = "<group>";
		};
/* End PBXVariantGroup section */

/* Begin XCBuildConfiguration section */
		1631DA311C391F730091A6F2 /* Debug */ = {
			isa = XCBuildConfiguration;
			buildSettings = {
				ALWAYS_SEARCH_USER_PATHS = NO;
				CLANG_CXX_LANGUAGE_STANDARD = "gnu++0x";
				CLANG_CXX_LIBRARY = "libc++";
				CLANG_ENABLE_MODULES = YES;
				CLANG_ENABLE_OBJC_ARC = YES;
				CLANG_WARN_BOOL_CONVERSION = YES;
				CLANG_WARN_CONSTANT_CONVERSION = YES;
				CLANG_WARN_DIRECT_OBJC_ISA_USAGE = YES_ERROR;
				CLANG_WARN_EMPTY_BODY = YES;
				CLANG_WARN_ENUM_CONVERSION = YES;
				CLANG_WARN_INT_CONVERSION = YES;
				CLANG_WARN_OBJC_ROOT_CLASS = YES_ERROR;
				CLANG_WARN_UNREACHABLE_CODE = YES;
				CLANG_WARN__DUPLICATE_METHOD_MATCH = YES;
				"CODE_SIGN_IDENTITY[sdk=iphoneos*]" = "iPhone Developer";
				COPY_PHASE_STRIP = NO;
				DEBUG_INFORMATION_FORMAT = dwarf;
				ENABLE_STRICT_OBJC_MSGSEND = YES;
				ENABLE_TESTABILITY = YES;
				GCC_C_LANGUAGE_STANDARD = gnu99;
				GCC_DYNAMIC_NO_PIC = NO;
				GCC_NO_COMMON_BLOCKS = YES;
				GCC_OPTIMIZATION_LEVEL = 0;
				GCC_PREPROCESSOR_DEFINITIONS = (
					"DEBUG=1",
					"$(inherited)",
				);
				GCC_WARN_64_TO_32_BIT_CONVERSION = YES;
				GCC_WARN_ABOUT_RETURN_TYPE = YES_ERROR;
				GCC_WARN_UNDECLARED_SELECTOR = YES;
				GCC_WARN_UNINITIALIZED_AUTOS = YES_AGGRESSIVE;
				GCC_WARN_UNUSED_FUNCTION = YES;
				GCC_WARN_UNUSED_VARIABLE = YES;
				IPHONEOS_DEPLOYMENT_TARGET = 9.2;
				MTL_ENABLE_DEBUG_INFO = YES;
				ONLY_ACTIVE_ARCH = YES;
				SDKROOT = iphoneos;
			};
			name = Debug;
		};
		1631DA321C391F730091A6F2 /* Release */ = {
			isa = XCBuildConfiguration;
			buildSettings = {
				ALWAYS_SEARCH_USER_PATHS = NO;
				CLANG_CXX_LANGUAGE_STANDARD = "gnu++0x";
				CLANG_CXX_LIBRARY = "libc++";
				CLANG_ENABLE_MODULES = YES;
				CLANG_ENABLE_OBJC_ARC = YES;
				CLANG_WARN_BOOL_CONVERSION = YES;
				CLANG_WARN_CONSTANT_CONVERSION = YES;
				CLANG_WARN_DIRECT_OBJC_ISA_USAGE = YES_ERROR;
				CLANG_WARN_EMPTY_BODY = YES;
				CLANG_WARN_ENUM_CONVERSION = YES;
				CLANG_WARN_INT_CONVERSION = YES;
				CLANG_WARN_OBJC_ROOT_CLASS = YES_ERROR;
				CLANG_WARN_UNREACHABLE_CODE = YES;
				CLANG_WARN__DUPLICATE_METHOD_MATCH = YES;
				"CODE_SIGN_IDENTITY[sdk=iphoneos*]" = "iPhone Developer";
				COPY_PHASE_STRIP = NO;
				DEBUG_INFORMATION_FORMAT = "dwarf-with-dsym";
				ENABLE_NS_ASSERTIONS = NO;
				ENABLE_STRICT_OBJC_MSGSEND = YES;
				GCC_C_LANGUAGE_STANDARD = gnu99;
				GCC_NO_COMMON_BLOCKS = YES;
				GCC_WARN_64_TO_32_BIT_CONVERSION = YES;
				GCC_WARN_ABOUT_RETURN_TYPE = YES_ERROR;
				GCC_WARN_UNDECLARED_SELECTOR = YES;
				GCC_WARN_UNINITIALIZED_AUTOS = YES_AGGRESSIVE;
				GCC_WARN_UNUSED_FUNCTION = YES;
				GCC_WARN_UNUSED_VARIABLE = YES;
				IPHONEOS_DEPLOYMENT_TARGET = 9.2;
				MTL_ENABLE_DEBUG_INFO = NO;
				SDKROOT = iphoneos;
				VALIDATE_PRODUCT = YES;
			};
			name = Release;
		};
		1631DA341C391F730091A6F2 /* Debug */ = {
			isa = XCBuildConfiguration;
			buildSettings = {
				ASSETCATALOG_COMPILER_APPICON_NAME = AppIcon;
				INFOPLIST_FILE = ZSJ_ShareSDK/Info.plist;
				LD_RUNPATH_SEARCH_PATHS = "$(inherited) @executable_path/Frameworks";
				PRODUCT_BUNDLE_IDENTIFIER = "com.zsj.ZSJ-ShareSDK";
				PRODUCT_NAME = "$(TARGET_NAME)";
			};
			name = Debug;
		};
		1631DA351C391F730091A6F2 /* Release */ = {
			isa = XCBuildConfiguration;
			buildSettings = {
				ASSETCATALOG_COMPILER_APPICON_NAME = AppIcon;
				INFOPLIST_FILE = ZSJ_ShareSDK/Info.plist;
				LD_RUNPATH_SEARCH_PATHS = "$(inherited) @executable_path/Frameworks";
				PRODUCT_BUNDLE_IDENTIFIER = "com.zsj.ZSJ-ShareSDK";
				PRODUCT_NAME = "$(TARGET_NAME)";
			};
			name = Release;
		};
		1631DA371C391F730091A6F2 /* Debug */ = {
			isa = XCBuildConfiguration;
			buildSettings = {
				BUNDLE_LOADER = "$(TEST_HOST)";
				INFOPLIST_FILE = ZSJ_ShareSDKTests/Info.plist;
				LD_RUNPATH_SEARCH_PATHS = "$(inherited) @executable_path/Frameworks @loader_path/Frameworks";
				PRODUCT_BUNDLE_IDENTIFIER = "com.zsj.ZSJ-ShareSDKTests";
				PRODUCT_NAME = "$(TARGET_NAME)";
				TEST_HOST = "$(BUILT_PRODUCTS_DIR)/ZSJ_ShareSDK.app/ZSJ_ShareSDK";
			};
			name = Debug;
		};
		1631DA381C391F730091A6F2 /* Release */ = {
			isa = XCBuildConfiguration;
			buildSettings = {
				BUNDLE_LOADER = "$(TEST_HOST)";
				INFOPLIST_FILE = ZSJ_ShareSDKTests/Info.plist;
				LD_RUNPATH_SEARCH_PATHS = "$(inherited) @executable_path/Frameworks @loader_path/Frameworks";
				PRODUCT_BUNDLE_IDENTIFIER = "com.zsj.ZSJ-ShareSDKTests";
				PRODUCT_NAME = "$(TARGET_NAME)";
				TEST_HOST = "$(BUILT_PRODUCTS_DIR)/ZSJ_ShareSDK.app/ZSJ_ShareSDK";
			};
			name = Release;
		};
		1631DA3A1C391F730091A6F2 /* Debug */ = {
			isa = XCBuildConfiguration;
			buildSettings = {
				INFOPLIST_FILE = ZSJ_ShareSDKUITests/Info.plist;
				LD_RUNPATH_SEARCH_PATHS = "$(inherited) @executable_path/Frameworks @loader_path/Frameworks";
				PRODUCT_BUNDLE_IDENTIFIER = "com.zsj.ZSJ-ShareSDKUITests";
				PRODUCT_NAME = "$(TARGET_NAME)";
				TEST_TARGET_NAME = ZSJ_ShareSDK;
				USES_XCTRUNNER = YES;
			};
			name = Debug;
		};
		1631DA3B1C391F730091A6F2 /* Release */ = {
			isa = XCBuildConfiguration;
			buildSettings = {
				INFOPLIST_FILE = ZSJ_ShareSDKUITests/Info.plist;
				LD_RUNPATH_SEARCH_PATHS = "$(inherited) @executable_path/Frameworks @loader_path/Frameworks";
				PRODUCT_BUNDLE_IDENTIFIER = "com.zsj.ZSJ-ShareSDKUITests";
				PRODUCT_NAME = "$(TARGET_NAME)";
				TEST_TARGET_NAME = ZSJ_ShareSDK;
				USES_XCTRUNNER = YES;
			};
			name = Release;
		};
/* End XCBuildConfiguration section */

/* Begin XCConfigurationList section */
		1631DA011C391F730091A6F2 /* Build configuration list for PBXProject "ZSJ_ShareSDK" */ = {
			isa = XCConfigurationList;
			buildConfigurations = (
				1631DA311C391F730091A6F2 /* Debug */,
				1631DA321C391F730091A6F2 /* Release */,
			);
			defaultConfigurationIsVisible = 0;
			defaultConfigurationName = Release;
		};
		1631DA331C391F730091A6F2 /* Build configuration list for PBXNativeTarget "ZSJ_ShareSDK" */ = {
			isa = XCConfigurationList;
			buildConfigurations = (
				1631DA341C391F730091A6F2 /* Debug */,
				1631DA351C391F730091A6F2 /* Release */,
			);
			defaultConfigurationIsVisible = 0;
		};
		1631DA361C391F730091A6F2 /* Build configuration list for PBXNativeTarget "ZSJ_ShareSDKTests" */ = {
			isa = XCConfigurationList;
			buildConfigurations = (
				1631DA371C391F730091A6F2 /* Debug */,
				1631DA381C391F730091A6F2 /* Release */,
			);
			defaultConfigurationIsVisible = 0;
		};
		1631DA391C391F730091A6F2 /* Build configuration list for PBXNativeTarget "ZSJ_ShareSDKUITests" */ = {
			isa = XCConfigurationList;
			buildConfigurations = (
				1631DA3A1C391F730091A6F2 /* Debug */,
				1631DA3B1C391F730091A6F2 /* Release */,
			);
			defaultConfigurationIsVisible = 0;
		};
/* End XCConfigurationList section */
	};
	rootObject = 1631D9FE1C391F730091A6F2 /* Project object */;
}
